
Microsoft Visual Studio Solution File, Format Version 12.00
# Visual Studio Version 18
VisualStudioVersion = 18.1.11312.151
MinimumVisualStudioVersion = 10.0.40219.1
Project("{2150E333-8FDC-42A3-9474-1A3956D46DE8}") = "src", "src", "{2D63E1B3-A1A6-41D2-86EF-D7B91FA6CAEF}"
EndProject
Project("{2150E333-8FDC-42A3-9474-1A3956D46DE8}") = "test", "test", "{8ECEDD74-F106-441B-9D5C-58E3056E8164}"
EndProject
Project("{2150E333-8FDC-42A3-9474-1A3956D46DE8}") = "Application", "Application", "{442B53E0-312D-41DB-9770-F3703A95639E}"
EndProject
Project("{2150E333-8FDC-42A3-9474-1A3956D46DE8}") = "Domain", "Domain", "{85244E02-6472-4CD9-A06B-0293BD56B7BD}"
EndProject
Project("{2150E333-8FDC-42A3-9474-1A3956D46DE8}") = "Infrastructure", "Infrastructure", "{606775E6-F8B4-4F99-B562-617CCE44D0D0}"
EndProject
Project("{2150E333-8FDC-42A3-9474-1A3956D46DE8}") = "Web", "Web", "{724A25CB-458F-401A-88C9-CA88F0CC59E1}"
EndProject
Project("{2150E333-8FDC-42A3-9474-1A3956D46DE8}") = "IntegrationTest", "IntegrationTest", "{981047A1-D621-4BFE-A153-7A3C59AD924E}"
EndProject
Project("{2150E333-8FDC-42A3-9474-1A3956D46DE8}") = "UnitTest", "UnitTest", "{E515C333-D596-45ED-A026-9D11036248E7}"
EndProject
Project("{FAE04EC0-301F-11D3-BF4B-00C04F79EFBC}") = "Orion.API", "src\Web\Orion.API\Orion.API.csproj", "{1582F39E-E372-4AC0-A542-5794F099DC60}"
EndProject
Project("{FAE04EC0-301F-11D3-BF4B-00C04F79EFBC}") = "Orion.Domain", "src\Domain\Orion.Domain\Orion.Domain.csproj", "{C7A36C68-AD62-41DC-8FD4-D8C765EB85D8}"
EndProject
Project("{FAE04EC0-301F-11D3-BF4B-00C04F79EFBC}") = "Orion.Application", "src\Application\Orion.Application\Orion.Application.csproj", "{56D8EA85-5B55-45BD-96D7-7EBA6924D951}"
EndProject
Project("{FAE04EC0-301F-11D3-BF4B-00C04F79EFBC}") = "Orion.Repository", "src\Infrastructure\Orion.Repository\Orion.Repository.csproj", "{36D26CE1-BD88-4C95-A135-6C5B9EA0BA9C}"
EndProject
Project("{FAE04EC0-301F-11D3-BF4B-00C04F79EFBC}") = "Orion.CosmosRepository", "src\Infrastructure\Orion.CosmosRepository\Orion.CosmosRepository.csproj", "{E4E25E7E-C2AB-BB6F-0F7C-0656C7718F8C}"
EndProject
Global
	GlobalSection(SolutionConfigurationPlatforms) = preSolution
		Debug|Any CPU = Debug|Any CPU
		Release|Any CPU = Release|Any CPU
	EndGlobalSection
	GlobalSection(ProjectConfigurationPlatforms) = postSolution
		{1582F39E-E372-4AC0-A542-5794F099DC60}.Debug|Any CPU.ActiveCfg = Debug|Any CPU
		{1582F39E-E372-4AC0-A542-5794F099DC60}.Debug|Any CPU.Build.0 = Debug|Any CPU
		{1582F39E-E372-4AC0-A542-5794F099DC60}.Release|Any CPU.ActiveCfg = Release|Any CPU
		{1582F39E-E372-4AC0-A542-5794F099DC60}.Release|Any CPU.Build.0 = Release|Any CPU
		{C7A36C68-AD62-41DC-8FD4-D8C765EB85D8}.Debug|Any CPU.ActiveCfg = Debug|Any CPU
		{C7A36C68-AD62-41DC-8FD4-D8C765EB85D8}.Debug|Any CPU.Build.0 = Debug|Any CPU
		{C7A36C68-AD62-41DC-8FD4-D8C765EB85D8}.Release|Any CPU.ActiveCfg = Release|Any CPU
		{C7A36C68-AD62-41DC-8FD4-D8C765EB85D8}.Release|Any CPU.Build.0 = Release|Any CPU
		{56D8EA85-5B55-45BD-96D7-7EBA6924D951}.Debug|Any CPU.ActiveCfg = Debug|Any CPU
		{56D8EA85-5B55-45BD-96D7-7EBA6924D951}.Debug|Any CPU.Build.0 = Debug|Any CPU
		{56D8EA85-5B55-45BD-96D7-7EBA6924D951}.Release|Any CPU.ActiveCfg = Release|Any CPU
		{56D8EA85-5B55-45BD-96D7-7EBA6924D951}.Release|Any CPU.Build.0 = Release|Any CPU
		{36D26CE1-BD88-4C95-A135-6C5B9EA0BA9C}.Debug|Any CPU.ActiveCfg = Debug|Any CPU
		{36D26CE1-BD88-4C95-A135-6C5B9EA0BA9C}.Debug|Any CPU.Build.0 = Debug|Any CPU
		{36D26CE1-BD88-4C95-A135-6C5B9EA0BA9C}.Release|Any CPU.ActiveCfg = Release|Any CPU
		{36D26CE1-BD88-4C95-A135-6C5B9EA0BA9C}.Release|Any CPU.Build.0 = Release|Any CPU
		{E4E25E7E-C2AB-BB6F-0F7C-0656C7718F8C}.Debug|Any CPU.ActiveCfg = Debug|Any CPU
		{E4E25E7E-C2AB-BB6F-0F7C-0656C7718F8C}.Debug|Any CPU.Build.0 = Debug|Any CPU
		{E4E25E7E-C2AB-BB6F-0F7C-0656C7718F8C}.Release|Any CPU.ActiveCfg = Release|Any CPU
		{E4E25E7E-C2AB-BB6F-0F7C-0656C7718F8C}.Release|Any CPU.Build.0 = Release|Any CPU
	EndGlobalSection
	GlobalSection(SolutionProperties) = preSolution
		HideSolutionNode = FALSE
	EndGlobalSection
	GlobalSection(NestedProjects) = preSolution
		{442B53E0-312D-41DB-9770-F3703A95639E} = {2D63E1B3-A1A6-41D2-86EF-D7B91FA6CAEF}
		{85244E02-6472-4CD9-A06B-0293BD56B7BD} = {2D63E1B3-A1A6-41D2-86EF-D7B91FA6CAEF}
		{606775E6-F8B4-4F99-B562-617CCE44D0D0} = {2D63E1B3-A1A6-41D2-86EF-D7B91FA6CAEF}
		{724A25CB-458F-401A-88C9-CA88F0CC59E1} = {2D63E1B3-A1A6-41D2-86EF-D7B91FA6CAEF}
		{981047A1-D621-4BFE-A153-7A3C59AD924E} = {8ECEDD74-F106-441B-9D5C-58E3056E8164}
		{E515C333-D596-45ED-A026-9D11036248E7} = {8ECEDD74-F106-441B-9D5C-58E3056E8164}
		{1582F39E-E372-4AC0-A542-5794F099DC60} = {724A25CB-458F-401A-88C9-CA88F0CC59E1}
		{C7A36C68-AD62-41DC-8FD4-D8C765EB85D8} = {85244E02-6472-4CD9-A06B-0293BD56B7BD}
		{56D8EA85-5B55-45BD-96D7-7EBA6924D951} = {442B53E0-312D-41DB-9770-F3703A95639E}
		{36D26CE1-BD88-4C95-A135-6C5B9EA0BA9C} = {606775E6-F8B4-4F99-B562-617CCE44D0D0}
		{E4E25E7E-C2AB-BB6F-0F7C-0656C7718F8C} = {606775E6-F8B4-4F99-B562-617CCE44D0D0}
	EndGlobalSection
	GlobalSection(ExtensibilityGlobals) = postSolution
		SolutionGuid = {73F5B138-DE70-4D78-9B11-C5FBF5684C8C}
	EndGlobalSection
EndGlobal
